
Microsoft Visual Studio Solution File, Format Version 12.00
# Visual Studio Version 17
VisualStudioVersion = 17.1.32210.238
MinimumVisualStudioVersion = 10.0.40219.1
Project("{FAE04EC0-301F-11D3-BF4B-00C04F79EFBC}") = "MikroWorm", "MikroWorm\MikroWorm.csproj", "{96CADADF-5D72-4EC0-9223-D2C4EB6C4631}"
EndProject
Global
	GlobalSection(SolutionConfigurationPlatforms) = preSolution
		Debug|Any CPU = Debug|Any CPU
		Release|Any CPU = Release|Any CPU
	EndGlobalSection
	GlobalSection(ProjectConfigurationPlatforms) = postSolution
		{96CADADF-5D72-4EC0-9223-D2C4EB6C4631}.Debug|Any CPU.ActiveCfg = Debug|Any CPU
		{96CADADF-5D72-4EC0-9223-D2C4EB6C4631}.Debug|Any CPU.Build.0 = Debug|Any CPU
		{96CADADF-5D72-4EC0-9223-D2C4EB6C4631}.Release|Any CPU.ActiveCfg = Release|Any CPU
		{96CADADF-5D72-4EC0-9223-D2C4EB6C4631}.Release|Any CPU.Build.0 = Release|Any CPU
	EndGlobalSection
	GlobalSection(SolutionProperties) = preSolution
		HideSolutionNode = FALSE
	EndGlobalSection
	GlobalSection(ExtensibilityGlobals) = postSolution
		SolutionGuid = {DB3B4F5B-722F-457F-9529-729422876CFF}
	EndGlobalSection
EndGlobal
